
Microsoft Visual Studio Solution File, Format Version 12.00
# Visual Studio 14
VisualStudioVersion = 14.0.22823.1
MinimumVisualStudioVersion = 10.0.40219.1
Project("{FAE04EC0-301F-11D3-BF4B-00C04F79EFBC}") = "UIconEdit.Net46", "UIconEdit\UIconEdit.Net46.csproj", "{40CE58B0-4600-42C0-92A7-5314279B916E}"
EndProject
Project("{FAE04EC0-301F-11D3-BF4B-00C04F79EFBC}") = "nQuant.Core", "nQuant\nQuant.Core\nQuant.Core.csproj", "{A59307EA-FCB0-4110-BC42-0417871C24C4}"
EndProject
Global
	GlobalSection(SolutionConfigurationPlatforms) = preSolution
		Debug|Any CPU = Debug|Any CPU
		Release|Any CPU = Release|Any CPU
	EndGlobalSection
	GlobalSection(ProjectConfigurationPlatforms) = postSolution
		{40CE58B0-4600-42C0-92A7-5314279B916E}.Debug|Any CPU.ActiveCfg = Debug|Any CPU
		{40CE58B0-4600-42C0-92A7-5314279B916E}.Debug|Any CPU.Build.0 = Debug|Any CPU
		{40CE58B0-4600-42C0-92A7-5314279B916E}.Release|Any CPU.ActiveCfg = Release|Any CPU
		{40CE58B0-4600-42C0-92A7-5314279B916E}.Release|Any CPU.Build.0 = Release|Any CPU
		{A59307EA-FCB0-4110-BC42-0417871C24C4}.Debug|Any CPU.ActiveCfg = Debug|Any CPU
		{A59307EA-FCB0-4110-BC42-0417871C24C4}.Debug|Any CPU.Build.0 = Debug|Any CPU
		{A59307EA-FCB0-4110-BC42-0417871C24C4}.Release|Any CPU.ActiveCfg = Release|Any CPU
		{A59307EA-FCB0-4110-BC42-0417871C24C4}.Release|Any CPU.Build.0 = Release|Any CPU
	EndGlobalSection
	GlobalSection(SolutionProperties) = preSolution
		HideSolutionNode = FALSE
	EndGlobalSection
EndGlobal
